// !$*UTF8*$!
{
	archiveVersion = 1;
	classes = {
	};
	objectVersion = 56;
	objects = {

/* Begin PBXBuildFile section */
		AA000001 /* AppDelegate.swift in Sources */ = {isa = PBXBuildFile; fileRef = AA100001 /* AppDelegate.swift */; };
		AA000002 /* SignUpViewController.swift in Sources */ = {isa = PBXBuildFile; fileRef = AA100002 /* SignUpViewController.swift */; };
		AA000003 /* SignInViewController.swift in Sources */ = {isa = PBXBuildFile; fileRef = AA100003 /* SignInViewController.swift */; };
		AA000004 /* HomeViewController.swift in Sources */ = {isa = PBXBuildFile; fileRef = AA100004 /* HomeViewController.swift */; };
		AA000005 /* CoreDataManager.swift in Sources */ = {isa = PBXBuildFile; fileRef = AA100005 /* CoreDataManager.swift */; };
		AA000006 /* BiometricService.swift in Sources */ = {isa = PBXBuildFile; fileRef = AA100006 /* BiometricService.swift */; };
		AA000007 /* LocationService.swift in Sources */ = {isa = PBXBuildFile; fileRef = AA100007 /* LocationService.swift */; };
		AA000008 /* NetworkService.swift in Sources */ = {isa = PBXBuildFile; fileRef = AA100008 /* NetworkService.swift */; };
		AA000009 /* Utilities.swift in Sources */ = {isa = PBXBuildFile; fileRef = AA100009 /* Utilities.swift */; };
		AA000010 /* BiometricAttendance.xcdatamodeld in Sources */ = {isa = PBXBuildFile; fileRef = AA100010 /* BiometricAttendance.xcdatamodeld */; };
		AA000011 /* LocalAuthentication.framework in Frameworks */ = {isa = PBXBuildFile; fileRef = AA200001 /* LocalAuthentication.framework */; };
		AA000012 /* CoreLocation.framework in Frameworks */ = {isa = PBXBuildFile; fileRef = AA200002 /* CoreLocation.framework */; };
		AA000013 /* CoreData.framework in Frameworks */ = {isa = PBXBuildFile; fileRef = AA200003 /* CoreData.framework */; };
/* End PBXBuildFile section */

/* Begin PBXFileReference section */
		AA100001 /* AppDelegate.swift */ = {isa = PBXFileReference; lastKnownFileType = sourcecode.swift; path = AppDelegate.swift; sourceTree = "<group>"; };
		AA100002 /* SignUpViewController.swift */ = {isa = PBXFileReference; lastKnownFileType = sourcecode.swift; path = SignUpViewController.swift; sourceTree = "<group>"; };
		AA100003 /* SignInViewController.swift */ = {isa = PBXFileReference; lastKnownFileType = sourcecode.swift; path = SignInViewController.swift; sourceTree = "<group>"; };
		AA100004 /* HomeViewController.swift */ = {isa = PBXFileReference; lastKnownFileType = sourcecode.swift; path = HomeViewController.swift; sourceTree = "<group>"; };
		AA100005 /* CoreDataManager.swift */ = {isa = PBXFileReference; lastKnownFileType = sourcecode.swift; path = CoreDataManager.swift; sourceTree = "<group>"; };
		AA100006 /* BiometricService.swift */ = {isa = PBXFileReference; lastKnownFileType = sourcecode.swift; path = BiometricService.swift; sourceTree = "<group>"; };
		AA100007 /* LocationService.swift */ = {isa = PBXFileReference; lastKnownFileType = sourcecode.swift; path = LocationService.swift; sourceTree = "<group>"; };
		AA100008 /* NetworkService.swift */ = {isa = PBXFileReference; lastKnownFileType = sourcecode.swift; path = NetworkService.swift; sourceTree = "<group>"; };
		AA100009 /* Utilities.swift */ = {isa = PBXFileReference; lastKnownFileType = sourcecode.swift; path = Utilities.swift; sourceTree = "<group>"; };
		AA100010 /* BiometricAttendance.xcdatamodeld */ = {isa = PBXFileReference; lastKnownFileType = wrapper.xcdatamodel; path = BiometricAttendance.xcdatamodeld; sourceTree = "<group>"; };
		AA100011 /* Info.plist */ = {isa = PBXFileReference; lastKnownFileType = text.plist.xml; path = Info.plist; sourceTree = "<group>"; };
		AA200001 /* LocalAuthentication.framework */ = {isa = PBXFileReference; lastKnownFileType = wrapper.framework; name = LocalAuthentication.framework; sourceTree = SDKROOT; };
		AA200002 /* CoreLocation.framework */ = {isa = PBXFileReference; lastKnownFileType = wrapper.framework; name = CoreLocation.framework; sourceTree = SDKROOT; };
		AA200003 /* CoreData.framework */ = {isa = PBXFileReference; lastKnownFileType = wrapper.framework; name = CoreData.framework; sourceTree = SDKROOT; };
		AA999999 /* BiometricAttendance.app */ = {isa = PBXFileReference; explicitFileType = wrapper.application; includeInIndex = 0; path = BiometricAttendance.app; sourceTree = BUILT_PRODUCTS_DIR; };
/* End PBXFileReference section */

/* Begin PBXFrameworksBuildPhase section */
		AA300001 /* Frameworks */ = {
			isa = PBXFrameworksBuildPhase;
			buildActionMask = 2147483647;
			files = (
				AA000011 /* LocalAuthentication.framework in Frameworks */,
				AA000012 /* CoreLocation.framework in Frameworks */,
				AA000013 /* CoreData.framework in Frameworks */,
			);
			runOnlyForDeploymentPostprocessing = 0;
		};
/* End PBXFrameworksBuildPhase section */

/* Begin PBXGroup section */
		AAFFFFFF /* = */ = {
			isa = PBXGroup;
			children = (
				AAFFFFFF01 /* BiometricAttendance */,
				AAFFFFFF02 /* Frameworks */,
				AAFFFFFF03 /* Products */,
			);
			sourceTree = "<group>";
		};
		AAFFFFFF01 /* BiometricAttendance */ = {
			isa = PBXGroup;
			children = (
				AA100001 /* AppDelegate.swift */,
				AA100011 /* Info.plist */,
				AA100010 /* BiometricAttendance.xcdatamodeld */,
				AAFFFFFF04 /* ViewControllers */,
				AAFFFFFF05 /* Services */,
				AAFFFFFF06 /* Utilities */,
			);
			path = BiometricAttendance;
			sourceTree = "<group>";
		};
		AAFFFFFF04 /* ViewControllers */ = {
			isa = PBXGroup;
			children = (
				AA100002 /* SignUpViewController.swift */,
				AA100003 /* SignInViewController.swift */,
				AA100004 /* HomeViewController.swift */,
			);
			path = ViewControllers;
			sourceTree = "<group>";
		};
		AAFFFFFF05 /* Services */ = {
			isa = PBXGroup;
			children = (
				AA100005 /* CoreDataManager.swift */,
				AA100006 /* BiometricService.swift */,
				AA100007 /* LocationService.swift */,
				AA100008 /* NetworkService.swift */,
			);
			path = Services;
			sourceTree = "<group>";
		};
		AAFFFFFF06 /* Utilities */ = {
			isa = PBXGroup;
			children = (
				AA100009 /* Utilities.swift */,
			);
			path = Utilities;
			sourceTree = "<group>";
		};
		AAFFFFFF02 /* Frameworks */ = {
			isa = PBXGroup;
			children = (
				AA200001 /* LocalAuthentication.framework */,
				AA200002 /* CoreLocation.framework */,
				AA200003 /* CoreData.framework */,
			);
			name = Frameworks;
			sourceTree = "<group>";
		};
		AAFFFFFF03 /* Products */ = {
			isa = PBXGroup;
			children = (
				AA999999 /* BiometricAttendance.app */,
			);
			name = Products;
			sourceTree = "<group>";
		};
/* End PBXGroup section */

/* Begin PBXNativeTarget section */
		AATARGET1 /* BiometricAttendance */ = {
			isa = PBXNativeTarget;
			buildConfigurationList = AABCL001 /* Build configuration list for PBXNativeTarget */;
			buildPhases = (
				AA300000 /* Sources */,
				AA300001 /* Frameworks */,
				AA300002 /* Resources */,
			);
			buildRules = ();
			dependencies = ();
			name = BiometricAttendance;
			productName = BiometricAttendance;
			productReference = AA999999 /* BiometricAttendance.app */;
			productType = "com.apple.product-type.application";
		};
/* End PBXNativeTarget section */

/* Begin PBXProject section */
		AAPROJECT1 /* Project object */ = {
			isa = PBXProject;
			attributes = {
				BuildIndependentTargetsInParallel = 1;
				LastSwiftUpdateCheck = 1500;
				ORGANIZATIONNAME = "BioAttend";
			};
			buildConfigurationList = AABCL000 /* Build configuration list for PBXProject */;
			compatibilityVersion = "Xcode 14.0";
			mainGroup = AAFFFFFF /* = */;
			productRefGroup = AAFFFFFF03 /* Products */;
			projectDirPath = "";
			projectRoot = "";
			targets = (AATARGET1 /* BiometricAttendance */);
		};
/* End PBXProject section */

/* Begin PBXSourcesBuildPhase section */
		AA300000 /* Sources */ = {
			isa = PBXSourcesBuildPhase;
			buildActionMask = 2147483647;
			files = (
				AA000001 /* AppDelegate.swift in Sources */,
				AA000002 /* SignUpViewController.swift in Sources */,
				AA000003 /* SignInViewController.swift in Sources */,
				AA000004 /* HomeViewController.swift in Sources */,
				AA000005 /* CoreDataManager.swift in Sources */,
				AA000006 /* BiometricService.swift in Sources */,
				AA000007 /* LocationService.swift in Sources */,
				AA000008 /* NetworkService.swift in Sources */,
				AA000009 /* Utilities.swift in Sources */,
				AA000010 /* BiometricAttendance.xcdatamodeld in Sources */,
			);
			runOnlyForDeploymentPostprocessing = 0;
		};
/* End PBXSourcesBuildPhase section */

/* Begin PBXResourcesBuildPhase section */
		AA300002 /* Resources */ = {
			isa = PBXResourcesBuildPhase;
			buildActionMask = 2147483647;
			files = ();
			runOnlyForDeploymentPostprocessing = 0;
		};
/* End PBXResourcesBuildPhase section */

/* Begin XCBuildConfiguration section */
		AABCFG001 /* Debug */ = {
			isa = XCBuildConfiguration;
			buildSettings = {
				ALWAYS_SEARCH_USER_PATHS = NO;
				SWIFT_VERSION = 5.0;
				IPHONEOS_DEPLOYMENT_TARGET = 15.0;
				TARGETED_DEVICE_FAMILY = "1,2";
				PRODUCT_BUNDLE_IDENTIFIER = "com.bioattend.attendance";
				PRODUCT_NAME = "$(TARGET_NAME)";
				INFOPLIST_FILE = BiometricAttendance/Info.plist;
				CODE_SIGN_STYLE = Automatic;
				SWIFT_OPTIMIZATION_LEVEL = "-Onone";
				OTHER_LDFLAGS = "-ObjC";
				GCC_PREPROCESSOR_DEFINITIONS = "DEBUG=1 $(inherited)";
			};
			name = Debug;
		};
		AABCFG002 /* Release */ = {
			isa = XCBuildConfiguration;
			buildSettings = {
				ALWAYS_SEARCH_USER_PATHS = NO;
				SWIFT_VERSION = 5.0;
				IPHONEOS_DEPLOYMENT_TARGET = 15.0;
				TARGETED_DEVICE_FAMILY = "1,2";
				PRODUCT_BUNDLE_IDENTIFIER = "com.bioattend.attendance";
				PRODUCT_NAME = "$(TARGET_NAME)";
				INFOPLIST_FILE = BiometricAttendance/Info.plist;
				CODE_SIGN_STYLE = Automatic;
				SWIFT_OPTIMIZATION_LEVEL = "-Owholemodule";
				OTHER_LDFLAGS = "-ObjC";
			};
			name = Release;
		};
/* End XCBuildConfiguration section */

/* Begin XCConfigurationList section */
		AABCL000 /* Build configuration list for PBXProject */ = {
			isa = XCConfigurationList;
			buildConfigurations = (AABCFG001 /* Debug */, AABCFG002 /* Release */);
			defaultConfigurationIsVisible = 0;
			defaultConfigurationName = Release;
		};
		AABCL001 /* Build configuration list for PBXNativeTarget */ = {
			isa = XCConfigurationList;
			buildConfigurations = (AABCFG001 /* Debug */, AABCFG002 /* Release */);
			defaultConfigurationIsVisible = 0;
			defaultConfigurationName = Release;
		};
/* End XCConfigurationList section */

	}; /* end objects */
	rootObject = AAPROJECT1 /* Project object */;
}
